
Microsoft Visual Studio Solution File, Format Version 12.00
# Visual Studio 15
VisualStudioVersion = 15.0.27130.2027
MinimumVisualStudioVersion = 10.0.40219.1
Project("{FAE04EC0-301F-11D3-BF4B-00C04F79EFBC}") = "NewAppXamarin.Android", "NewAppXamarin\NewAppXamarin.Android\NewAppXamarin.Android.csproj", "{0CFB0456-E578-44F0-9D38-E1DAB08A6093}"
EndProject
Project("{FAE04EC0-301F-11D3-BF4B-00C04F79EFBC}") = "NewAppXamarin.iOS", "NewAppXamarin\NewAppXamarin.iOS\NewAppXamarin.iOS.csproj", "{9ED5A693-B294-4270-923F-9B0B000AAD0A}"
EndProject
Project("{FAE04EC0-301F-11D3-BF4B-00C04F79EFBC}") = "NewAppXamarin", "NewAppXamarin\NewAppXamarin\NewAppXamarin.csproj", "{14BD9E7A-E32B-4053-BCAD-0FED1D8A0C82}"
EndProject
Global
	GlobalSection(SolutionConfigurationPlatforms) = preSolution
		Ad-Hoc|Any CPU = Ad-Hoc|Any CPU
		Ad-Hoc|iPhone = Ad-Hoc|iPhone
		Ad-Hoc|iPhoneSimulator = Ad-Hoc|iPhoneSimulator
		AppStore|Any CPU = AppStore|Any CPU
		AppStore|iPhone = AppStore|iPhone
		AppStore|iPhoneSimulator = AppStore|iPhoneSimulator
		Debug|Any CPU = Debug|Any CPU
		Debug|iPhone = Debug|iPhone
		Debug|iPhoneSimulator = Debug|iPhoneSimulator
		Release|Any CPU = Release|Any CPU
		Release|iPhone = Release|iPhone
		Release|iPhoneSimulator = Release|iPhoneSimulator
	EndGlobalSection
	GlobalSection(ProjectConfigurationPlatforms) = postSolution
		{0CFB0456-E578-44F0-9D38-E1DAB08A6093}.Ad-Hoc|Any CPU.ActiveCfg = Release|Any CPU
		{0CFB0456-E578-44F0-9D38-E1DAB08A6093}.Ad-Hoc|Any CPU.Build.0 = Release|Any CPU
		{0CFB0456-E578-44F0-9D38-E1DAB08A6093}.Ad-Hoc|Any CPU.Deploy.0 = Release|Any CPU
		{0CFB0456-E578-44F0-9D38-E1DAB08A6093}.Ad-Hoc|iPhone.ActiveCfg = Release|Any CPU
		{0CFB0456-E578-44F0-9D38-E1DAB08A6093}.Ad-Hoc|iPhone.Build.0 = Release|Any CPU
		{0CFB0456-E578-44F0-9D38-E1DAB08A6093}.Ad-Hoc|iPhone.Deploy.0 = Release|Any CPU
		{0CFB0456-E578-44F0-9D38-E1DAB08A6093}.Ad-Hoc|iPhoneSimulator.ActiveCfg = Release|Any CPU
		{0CFB0456-E578-44F0-9D38-E1DAB08A6093}.Ad-Hoc|iPhoneSimulator.Build.0 = Release|Any CPU
		{0CFB0456-E578-44F0-9D38-E1DAB08A6093}.Ad-Hoc|iPhoneSimulator.Deploy.0 = Release|Any CPU
		{0CFB0456-E578-44F0-9D38-E1DAB08A6093}.AppStore|Any CPU.ActiveCfg = Release|Any CPU
		{0CFB0456-E578-44F0-9D38-E1DAB08A6093}.AppStore|Any CPU.Build.0 = Release|Any CPU
		{0CFB0456-E578-44F0-9D38-E1DAB08A6093}.AppStore|Any CPU.Deploy.0 = Release|Any CPU
		{0CFB0456-E578-44F0-9D38-E1DAB08A6093}.AppStore|iPhone.ActiveCfg = Release|Any CPU
		{0CFB0456-E578-44F0-9D38-E1DAB08A6093}.AppStore|iPhone.Build.0 = Release|Any CPU
		{0CFB0456-E578-44F0-9D38-E1DAB08A6093}.AppStore|iPhone.Deploy.0 = Release|Any CPU
		{0CFB0456-E578-44F0-9D38-E1DAB08A6093}.AppStore|iPhoneSimulator.ActiveCfg = Release|Any CPU
		{0CFB0456-E578-44F0-9D38-E1DAB08A6093}.AppStore|iPhoneSimulator.Build.0 = Release|Any CPU
		{0CFB0456-E578-44F0-9D38-E1DAB08A6093}.AppStore|iPhoneSimulator.Deploy.0 = Release|Any CPU
		{0CFB0456-E578-44F0-9D38-E1DAB08A6093}.Debug|Any CPU.ActiveCfg = Debug|Any CPU
		{0CFB0456-E578-44F0-9D38-E1DAB08A6093}.Debug|Any CPU.Build.0 = Debug|Any CPU
		{0CFB0456-E578-44F0-9D38-E1DAB08A6093}.Debug|Any CPU.Deploy.0 = Debug|Any CPU
		{0CFB0456-E578-44F0-9D38-E1DAB08A6093}.Debug|iPhone.ActiveCfg = Debug|Any CPU
		{0CFB0456-E578-44F0-9D38-E1DAB08A6093}.Debug|iPhone.Build.0 = Debug|Any CPU
		{0CFB0456-E578-44F0-9D38-E1DAB08A6093}.Debug|iPhone.Deploy.0 = Debug|Any CPU
		{0CFB0456-E578-44F0-9D38-E1DAB08A6093}.Debug|iPhoneSimulator.ActiveCfg = Debug|Any CPU
		{0CFB0456-E578-44F0-9D38-E1DAB08A6093}.Debug|iPhoneSimulator.Build.0 = Debug|Any CPU
		{0CFB0456-E578-44F0-9D38-E1DAB08A6093}.Debug|iPhoneSimulator.Deploy.0 = Debug|Any CPU
		{0CFB0456-E578-44F0-9D38-E1DAB08A6093}.Release|Any CPU.ActiveCfg = Release|Any CPU
		{0CFB0456-E578-44F0-9D38-E1DAB08A6093}.Release|Any CPU.Build.0 = Release|Any CPU
		{0CFB0456-E578-44F0-9D38-E1DAB08A6093}.Release|Any CPU.Deploy.0 = Release|Any CPU
		{0CFB0456-E578-44F0-9D38-E1DAB08A6093}.Release|iPhone.ActiveCfg = Release|Any CPU
		{0CFB0456-E578-44F0-9D38-E1DAB08A6093}.Release|iPhone.Build.0 = Release|Any CPU
		{0CFB0456-E578-44F0-9D38-E1DAB08A6093}.Release|iPhone.Deploy.0 = Release|Any CPU
		{0CFB0456-E578-44F0-9D38-E1DAB08A6093}.Release|iPhoneSimulator.ActiveCfg = Release|Any CPU
		{0CFB0456-E578-44F0-9D38-E1DAB08A6093}.Release|iPhoneSimulator.Build.0 = Release|Any CPU
		{0CFB0456-E578-44F0-9D38-E1DAB08A6093}.Release|iPhoneSimulator.Deploy.0 = Release|Any CPU
		{9ED5A693-B294-4270-923F-9B0B000AAD0A}.Ad-Hoc|Any CPU.ActiveCfg = Ad-Hoc|iPhone
		{9ED5A693-B294-4270-923F-9B0B000AAD0A}.Ad-Hoc|iPhone.ActiveCfg = Ad-Hoc|iPhone
		{9ED5A693-B294-4270-923F-9B0B000AAD0A}.Ad-Hoc|iPhone.Build.0 = Ad-Hoc|iPhone
		{9ED5A693-B294-4270-923F-9B0B000AAD0A}.Ad-Hoc|iPhoneSimulator.ActiveCfg = Ad-Hoc|iPhoneSimulator
		{9ED5A693-B294-4270-923F-9B0B000AAD0A}.Ad-Hoc|iPhoneSimulator.Build.0 = Ad-Hoc|iPhoneSimulator
		{9ED5A693-B294-4270-923F-9B0B000AAD0A}.AppStore|Any CPU.ActiveCfg = AppStore|iPhone
		{9ED5A693-B294-4270-923F-9B0B000AAD0A}.AppStore|iPhone.ActiveCfg = AppStore|iPhone
		{9ED5A693-B294-4270-923F-9B0B000AAD0A}.AppStore|iPhone.Build.0 = AppStore|iPhone
		{9ED5A693-B294-4270-923F-9B0B000AAD0A}.AppStore|iPhoneSimulator.ActiveCfg = AppStore|iPhoneSimulator
		{9ED5A693-B294-4270-923F-9B0B000AAD0A}.AppStore|iPhoneSimulator.Build.0 = AppStore|iPhoneSimulator
		{9ED5A693-B294-4270-923F-9B0B000AAD0A}.Debug|Any CPU.ActiveCfg = Debug|iPhone
		{9ED5A693-B294-4270-923F-9B0B000AAD0A}.Debug|iPhone.ActiveCfg = Debug|iPhone
		{9ED5A693-B294-4270-923F-9B0B000AAD0A}.Debug|iPhone.Build.0 = Debug|iPhone
		{9ED5A693-B294-4270-923F-9B0B000AAD0A}.Debug|iPhoneSimulator.ActiveCfg = Debug|iPhoneSimulator
		{9ED5A693-B294-4270-923F-9B0B000AAD0A}.Debug|iPhoneSimulator.Build.0 = Debug|iPhoneSimulator
		{9ED5A693-B294-4270-923F-9B0B000AAD0A}.Release|Any CPU.ActiveCfg = Release|iPhone
		{9ED5A693-B294-4270-923F-9B0B000AAD0A}.Release|iPhone.ActiveCfg = Release|iPhone
		{9ED5A693-B294-4270-923F-9B0B000AAD0A}.Release|iPhone.Build.0 = Release|iPhone
		{9ED5A693-B294-4270-923F-9B0B000AAD0A}.Release|iPhoneSimulator.ActiveCfg = Release|iPhoneSimulator
		{9ED5A693-B294-4270-923F-9B0B000AAD0A}.Release|iPhoneSimulator.Build.0 = Release|iPhoneSimulator
		{14BD9E7A-E32B-4053-BCAD-0FED1D8A0C82}.Ad-Hoc|Any CPU.ActiveCfg = Debug|Any CPU
		{14BD9E7A-E32B-4053-BCAD-0FED1D8A0C82}.Ad-Hoc|Any CPU.Build.0 = Debug|Any CPU
		{14BD9E7A-E32B-4053-BCAD-0FED1D8A0C82}.Ad-Hoc|iPhone.ActiveCfg = Debug|Any CPU
		{14BD9E7A-E32B-4053-BCAD-0FED1D8A0C82}.Ad-Hoc|iPhone.Build.0 = Debug|Any CPU
		{14BD9E7A-E32B-4053-BCAD-0FED1D8A0C82}.Ad-Hoc|iPhoneSimulator.ActiveCfg = Debug|Any CPU
		{14BD9E7A-E32B-4053-BCAD-0FED1D8A0C82}.Ad-Hoc|iPhoneSimulator.Build.0 = Debug|Any CPU
		{14BD9E7A-E32B-4053-BCAD-0FED1D8A0C82}.AppStore|Any CPU.ActiveCfg = Debug|Any CPU
		{14BD9E7A-E32B-4053-BCAD-0FED1D8A0C82}.AppStore|Any CPU.Build.0 = Debug|Any CPU
		{14BD9E7A-E32B-4053-BCAD-0FED1D8A0C82}.AppStore|iPhone.ActiveCfg = Debug|Any CPU
		{14BD9E7A-E32B-4053-BCAD-0FED1D8A0C82}.AppStore|iPhone.Build.0 = Debug|Any CPU
		{14BD9E7A-E32B-4053-BCAD-0FED1D8A0C82}.AppStore|iPhoneSimulator.ActiveCfg = Debug|Any CPU
		{14BD9E7A-E32B-4053-BCAD-0FED1D8A0C82}.AppStore|iPhoneSimulator.Build.0 = Debug|Any CPU
		{14BD9E7A-E32B-4053-BCAD-0FED1D8A0C82}.Debug|Any CPU.ActiveCfg = Debug|Any CPU
		{14BD9E7A-E32B-4053-BCAD-0FED1D8A0C82}.Debug|Any CPU.Build.0 = Debug|Any CPU
		{14BD9E7A-E32B-4053-BCAD-0FED1D8A0C82}.Debug|iPhone.ActiveCfg = Debug|Any CPU
		{14BD9E7A-E32B-4053-BCAD-0FED1D8A0C82}.Debug|iPhone.Build.0 = Debug|Any CPU
		{14BD9E7A-E32B-4053-BCAD-0FED1D8A0C82}.Debug|iPhoneSimulator.ActiveCfg = Debug|Any CPU
		{14BD9E7A-E32B-4053-BCAD-0FED1D8A0C82}.Debug|iPhoneSimulator.Build.0 = Debug|Any CPU
		{14BD9E7A-E32B-4053-BCAD-0FED1D8A0C82}.Release|Any CPU.ActiveCfg = Release|Any CPU
		{14BD9E7A-E32B-4053-BCAD-0FED1D8A0C82}.Release|Any CPU.Build.0 = Release|Any CPU
		{14BD9E7A-E32B-4053-BCAD-0FED1D8A0C82}.Release|iPhone.ActiveCfg = Release|Any CPU
		{14BD9E7A-E32B-4053-BCAD-0FED1D8A0C82}.Release|iPhone.Build.0 = Release|Any CPU
		{14BD9E7A-E32B-4053-BCAD-0FED1D8A0C82}.Release|iPhoneSimulator.ActiveCfg = Release|Any CPU
		{14BD9E7A-E32B-4053-BCAD-0FED1D8A0C82}.Release|iPhoneSimulator.Build.0 = Release|Any CPU
	EndGlobalSection
	GlobalSection(SolutionProperties) = preSolution
		HideSolutionNode = FALSE
	EndGlobalSection
	GlobalSection(ExtensibilityGlobals) = postSolution
		SolutionGuid = {E67AEDC3-2F7A-4853-8885-F5F5904B6DB1}
	EndGlobalSection
EndGlobal
